
Microsoft Visual Studio Solution File, Format Version 12.00
# Visual Studio Version 17
VisualStudioVersion = 17.3.32825.248
MinimumVisualStudioVersion = 10.0.40219.1
Project("{8BC9CEB8-8B4A-11D0-8D11-00A0C91BC942}") = "MoneyAmount", "MoneyAmount.vcxproj", "{1332440D-F682-4BC4-B8F1-10091B08229B}"
EndProject
Global
	GlobalSection(SolutionConfigurationPlatforms) = preSolution
		Debug|x64 = Debug|x64
		Debug|x86 = Debug|x86
		Release|x64 = Release|x64
		Release|x86 = Release|x86
	EndGlobalSection
	GlobalSection(ProjectConfigurationPlatforms) = postSolution
		{1332440D-F682-4BC4-B8F1-10091B08229B}.Debug|x64.ActiveCfg = Debug|x64
		{1332440D-F682-4BC4-B8F1-10091B08229B}.Debug|x64.Build.0 = Debug|x64
		{1332440D-F682-4BC4-B8F1-10091B08229B}.Debug|x86.ActiveCfg = Debug|Win32
		{1332440D-F682-4BC4-B8F1-10091B08229B}.Debug|x86.Build.0 = Debug|Win32
		{1332440D-F682-4BC4-B8F1-10091B08229B}.Release|x64.ActiveCfg = Release|x64
		{1332440D-F682-4BC4-B8F1-10091B08229B}.Release|x64.Build.0 = Release|x64
		{1332440D-F682-4BC4-B8F1-10091B08229B}.Release|x86.ActiveCfg = Release|Win32
		{1332440D-F682-4BC4-B8F1-10091B08229B}.Release|x86.Build.0 = Release|Win32
	EndGlobalSection
	GlobalSection(SolutionProperties) = preSolution
		HideSolutionNode = FALSE
	EndGlobalSection
	GlobalSection(ExtensibilityGlobals) = postSolution
		SolutionGuid = {2395427D-8DBC-45E5-BD25-552FF4D0570E}
	EndGlobalSection
EndGlobal
